
Microsoft Visual Studio Solution File, Format Version 12.00
# Visual Studio 15
VisualStudioVersion = 15.0.28307.572
MinimumVisualStudioVersion = 10.0.40219.1
Project("{FAE04EC0-301F-11D3-BF4B-00C04F79EFBC}") = "ConsoleApp", "ConsoleApp\ConsoleApp.csproj", "{3596F0F6-5250-4905-86D4-5E3E6B1A0281}"
EndProject
Project("{FAE04EC0-301F-11D3-BF4B-00C04F79EFBC}") = "UnitTestProject", "UnitTestProject\UnitTestProject.csproj", "{3E342FD3-6C1E-414F-AF52-C74C01692E4A}"
EndProject
Global
	GlobalSection(SolutionConfigurationPlatforms) = preSolution
		Debug|Any CPU = Debug|Any CPU
		Release|Any CPU = Release|Any CPU
	EndGlobalSection
	GlobalSection(ProjectConfigurationPlatforms) = postSolution
		{3596F0F6-5250-4905-86D4-5E3E6B1A0281}.Debug|Any CPU.ActiveCfg = Debug|Any CPU
		{3596F0F6-5250-4905-86D4-5E3E6B1A0281}.Debug|Any CPU.Build.0 = Debug|Any CPU
		{3596F0F6-5250-4905-86D4-5E3E6B1A0281}.Release|Any CPU.ActiveCfg = Release|Any CPU
		{3596F0F6-5250-4905-86D4-5E3E6B1A0281}.Release|Any CPU.Build.0 = Release|Any CPU
		{3E342FD3-6C1E-414F-AF52-C74C01692E4A}.Debug|Any CPU.ActiveCfg = Debug|Any CPU
		{3E342FD3-6C1E-414F-AF52-C74C01692E4A}.Debug|Any CPU.Build.0 = Debug|Any CPU
		{3E342FD3-6C1E-414F-AF52-C74C01692E4A}.Release|Any CPU.ActiveCfg = Release|Any CPU
		{3E342FD3-6C1E-414F-AF52-C74C01692E4A}.Release|Any CPU.Build.0 = Release|Any CPU
	EndGlobalSection
	GlobalSection(SolutionProperties) = preSolution
		HideSolutionNode = FALSE
	EndGlobalSection
	GlobalSection(ExtensibilityGlobals) = postSolution
		SolutionGuid = {FD5C729F-C2AA-4D0F-B5D9-1C53DDC5AF98}
	EndGlobalSection
EndGlobal
